
Microsoft Visual Studio Solution File, Format Version 12.00
# Visual Studio 15
VisualStudioVersion = 15.0.26124.0
MinimumVisualStudioVersion = 15.0.26124.0
Project("{2150E333-8FDC-42A3-9474-1A3956D46DE8}") = "src", "src", "{82456C04-D7C4-4CDB-9620-BAEDF8E1625A}"
EndProject
Project("{FAE04EC0-301F-11D3-BF4B-00C04F79EFBC}") = "Model", "src\Model\Model.csproj", "{27A64AFD-014A-4C78-9E4E-D53049CDC54B}"
EndProject
Project("{FAE04EC0-301F-11D3-BF4B-00C04F79EFBC}") = "DAL", "src\DAL\DAL.csproj", "{E76ABCBC-0818-47B2-80AB-6779D58E8523}"
EndProject
Project("{FAE04EC0-301F-11D3-BF4B-00C04F79EFBC}") = "BLL", "src\BLL\BLL.csproj", "{240EAC35-3282-42B1-BA9B-175A9192B120}"
EndProject
Project("{FAE04EC0-301F-11D3-BF4B-00C04F79EFBC}") = "API", "src\API\API.csproj", "{DE6DC061-8A9F-48E5-9316-A7D91C1CB7C9}"
EndProject
Global
	GlobalSection(SolutionConfigurationPlatforms) = preSolution
		Debug|Any CPU = Debug|Any CPU
		Debug|x64 = Debug|x64
		Debug|x86 = Debug|x86
		Release|Any CPU = Release|Any CPU
		Release|x64 = Release|x64
		Release|x86 = Release|x86
	EndGlobalSection
	GlobalSection(SolutionProperties) = preSolution
		HideSolutionNode = FALSE
	EndGlobalSection
	GlobalSection(ProjectConfigurationPlatforms) = postSolution
		{27A64AFD-014A-4C78-9E4E-D53049CDC54B}.Debug|Any CPU.ActiveCfg = Debug|Any CPU
		{27A64AFD-014A-4C78-9E4E-D53049CDC54B}.Debug|Any CPU.Build.0 = Debug|Any CPU
		{27A64AFD-014A-4C78-9E4E-D53049CDC54B}.Debug|x64.ActiveCfg = Debug|Any CPU
		{27A64AFD-014A-4C78-9E4E-D53049CDC54B}.Debug|x64.Build.0 = Debug|Any CPU
		{27A64AFD-014A-4C78-9E4E-D53049CDC54B}.Debug|x86.ActiveCfg = Debug|Any CPU
		{27A64AFD-014A-4C78-9E4E-D53049CDC54B}.Debug|x86.Build.0 = Debug|Any CPU
		{27A64AFD-014A-4C78-9E4E-D53049CDC54B}.Release|Any CPU.ActiveCfg = Release|Any CPU
		{27A64AFD-014A-4C78-9E4E-D53049CDC54B}.Release|Any CPU.Build.0 = Release|Any CPU
		{27A64AFD-014A-4C78-9E4E-D53049CDC54B}.Release|x64.ActiveCfg = Release|Any CPU
		{27A64AFD-014A-4C78-9E4E-D53049CDC54B}.Release|x64.Build.0 = Release|Any CPU
		{27A64AFD-014A-4C78-9E4E-D53049CDC54B}.Release|x86.ActiveCfg = Release|Any CPU
		{27A64AFD-014A-4C78-9E4E-D53049CDC54B}.Release|x86.Build.0 = Release|Any CPU
		{E76ABCBC-0818-47B2-80AB-6779D58E8523}.Debug|Any CPU.ActiveCfg = Debug|Any CPU
		{E76ABCBC-0818-47B2-80AB-6779D58E8523}.Debug|Any CPU.Build.0 = Debug|Any CPU
		{E76ABCBC-0818-47B2-80AB-6779D58E8523}.Debug|x64.ActiveCfg = Debug|Any CPU
		{E76ABCBC-0818-47B2-80AB-6779D58E8523}.Debug|x64.Build.0 = Debug|Any CPU
		{E76ABCBC-0818-47B2-80AB-6779D58E8523}.Debug|x86.ActiveCfg = Debug|Any CPU
		{E76ABCBC-0818-47B2-80AB-6779D58E8523}.Debug|x86.Build.0 = Debug|Any CPU
		{E76ABCBC-0818-47B2-80AB-6779D58E8523}.Release|Any CPU.ActiveCfg = Release|Any CPU
		{E76ABCBC-0818-47B2-80AB-6779D58E8523}.Release|Any CPU.Build.0 = Release|Any CPU
		{E76ABCBC-0818-47B2-80AB-6779D58E8523}.Release|x64.ActiveCfg = Release|Any CPU
		{E76ABCBC-0818-47B2-80AB-6779D58E8523}.Release|x64.Build.0 = Release|Any CPU
		{E76ABCBC-0818-47B2-80AB-6779D58E8523}.Release|x86.ActiveCfg = Release|Any CPU
		{E76ABCBC-0818-47B2-80AB-6779D58E8523}.Release|x86.Build.0 = Release|Any CPU
		{240EAC35-3282-42B1-BA9B-175A9192B120}.Debug|Any CPU.ActiveCfg = Debug|Any CPU
		{240EAC35-3282-42B1-BA9B-175A9192B120}.Debug|Any CPU.Build.0 = Debug|Any CPU
		{240EAC35-3282-42B1-BA9B-175A9192B120}.Debug|x64.ActiveCfg = Debug|Any CPU
		{240EAC35-3282-42B1-BA9B-175A9192B120}.Debug|x64.Build.0 = Debug|Any CPU
		{240EAC35-3282-42B1-BA9B-175A9192B120}.Debug|x86.ActiveCfg = Debug|Any CPU
		{240EAC35-3282-42B1-BA9B-175A9192B120}.Debug|x86.Build.0 = Debug|Any CPU
		{240EAC35-3282-42B1-BA9B-175A9192B120}.Release|Any CPU.ActiveCfg = Release|Any CPU
		{240EAC35-3282-42B1-BA9B-175A9192B120}.Release|Any CPU.Build.0 = Release|Any CPU
		{240EAC35-3282-42B1-BA9B-175A9192B120}.Release|x64.ActiveCfg = Release|Any CPU
		{240EAC35-3282-42B1-BA9B-175A9192B120}.Release|x64.Build.0 = Release|Any CPU
		{240EAC35-3282-42B1-BA9B-175A9192B120}.Release|x86.ActiveCfg = Release|Any CPU
		{240EAC35-3282-42B1-BA9B-175A9192B120}.Release|x86.Build.0 = Release|Any CPU
		{DE6DC061-8A9F-48E5-9316-A7D91C1CB7C9}.Debug|Any CPU.ActiveCfg = Debug|Any CPU
		{DE6DC061-8A9F-48E5-9316-A7D91C1CB7C9}.Debug|Any CPU.Build.0 = Debug|Any CPU
		{DE6DC061-8A9F-48E5-9316-A7D91C1CB7C9}.Debug|x64.ActiveCfg = Debug|Any CPU
		{DE6DC061-8A9F-48E5-9316-A7D91C1CB7C9}.Debug|x64.Build.0 = Debug|Any CPU
		{DE6DC061-8A9F-48E5-9316-A7D91C1CB7C9}.Debug|x86.ActiveCfg = Debug|Any CPU
		{DE6DC061-8A9F-48E5-9316-A7D91C1CB7C9}.Debug|x86.Build.0 = Debug|Any CPU
		{DE6DC061-8A9F-48E5-9316-A7D91C1CB7C9}.Release|Any CPU.ActiveCfg = Release|Any CPU
		{DE6DC061-8A9F-48E5-9316-A7D91C1CB7C9}.Release|Any CPU.Build.0 = Release|Any CPU
		{DE6DC061-8A9F-48E5-9316-A7D91C1CB7C9}.Release|x64.ActiveCfg = Release|Any CPU
		{DE6DC061-8A9F-48E5-9316-A7D91C1CB7C9}.Release|x64.Build.0 = Release|Any CPU
		{DE6DC061-8A9F-48E5-9316-A7D91C1CB7C9}.Release|x86.ActiveCfg = Release|Any CPU
		{DE6DC061-8A9F-48E5-9316-A7D91C1CB7C9}.Release|x86.Build.0 = Release|Any CPU
	EndGlobalSection
	GlobalSection(NestedProjects) = preSolution
		{27A64AFD-014A-4C78-9E4E-D53049CDC54B} = {82456C04-D7C4-4CDB-9620-BAEDF8E1625A}
		{E76ABCBC-0818-47B2-80AB-6779D58E8523} = {82456C04-D7C4-4CDB-9620-BAEDF8E1625A}
		{240EAC35-3282-42B1-BA9B-175A9192B120} = {82456C04-D7C4-4CDB-9620-BAEDF8E1625A}
		{DE6DC061-8A9F-48E5-9316-A7D91C1CB7C9} = {82456C04-D7C4-4CDB-9620-BAEDF8E1625A}
	EndGlobalSection
EndGlobal
